
Microsoft Visual Studio Solution File, Format Version 12.00
# Visual Studio Version 16
VisualStudioVersion = 16.0.30907.101
MinimumVisualStudioVersion = 10.0.40219.1
Project("{FAE04EC0-301F-11D3-BF4B-00C04F79EFBC}") = "OpenTerminal", "OpenTerminal.csproj", "{BC879E95-A5F6-4532-A0EF-67DA7E765723}"
	ProjectSection(ProjectDependencies) = postProject
		{CD18DD37-E3EE-44F6-A984-B98E84260AFF} = {CD18DD37-E3EE-44F6-A984-B98E84260AFF}
		{759531FF-183A-45A6-8E4F-9DCF286BABC7} = {759531FF-183A-45A6-8E4F-9DCF286BABC7}
	EndProjectSection
EndProject
Project("{9A19103F-16F7-4668-BE54-9A1E7A4F7556}") = "ScottPlot", "ScottPlot_src\ScottPlot\ScottPlot.csproj", "{759531FF-183A-45A6-8E4F-9DCF286BABC7}"
EndProject
Project("{9A19103F-16F7-4668-BE54-9A1E7A4F7556}") = "ScottPlot.WPF", "ScottPlot_src\controls\ScottPlot.WPF\ScottPlot.WPF.csproj", "{CD18DD37-E3EE-44F6-A984-B98E84260AFF}"
EndProject
Global
	GlobalSection(SolutionConfigurationPlatforms) = preSolution
		Debug|Any CPU = Debug|Any CPU
		Debug|x64 = Debug|x64
		Release_x64_Standalone|Any CPU = Release_x64_Standalone|Any CPU
		Release_x64_Standalone|x64 = Release_x64_Standalone|x64
		Release|Any CPU = Release|Any CPU
		Release|x64 = Release|x64
	EndGlobalSection
	GlobalSection(ProjectConfigurationPlatforms) = postSolution
		{BC879E95-A5F6-4532-A0EF-67DA7E765723}.Debug|Any CPU.ActiveCfg = Debug|Any CPU
		{BC879E95-A5F6-4532-A0EF-67DA7E765723}.Debug|Any CPU.Build.0 = Debug|Any CPU
		{BC879E95-A5F6-4532-A0EF-67DA7E765723}.Debug|x64.ActiveCfg = Debug|Any CPU
		{BC879E95-A5F6-4532-A0EF-67DA7E765723}.Debug|x64.Build.0 = Debug|Any CPU
		{BC879E95-A5F6-4532-A0EF-67DA7E765723}.Release_x64_Standalone|Any CPU.ActiveCfg = Release|Any CPU
		{BC879E95-A5F6-4532-A0EF-67DA7E765723}.Release_x64_Standalone|Any CPU.Build.0 = Release|Any CPU
		{BC879E95-A5F6-4532-A0EF-67DA7E765723}.Release_x64_Standalone|x64.ActiveCfg = Release|Any CPU
		{BC879E95-A5F6-4532-A0EF-67DA7E765723}.Release_x64_Standalone|x64.Build.0 = Release|Any CPU
		{BC879E95-A5F6-4532-A0EF-67DA7E765723}.Release|Any CPU.ActiveCfg = Release|Any CPU
		{BC879E95-A5F6-4532-A0EF-67DA7E765723}.Release|Any CPU.Build.0 = Release|Any CPU
		{BC879E95-A5F6-4532-A0EF-67DA7E765723}.Release|x64.ActiveCfg = Release|Any CPU
		{BC879E95-A5F6-4532-A0EF-67DA7E765723}.Release|x64.Build.0 = Release|Any CPU
		{759531FF-183A-45A6-8E4F-9DCF286BABC7}.Debug|Any CPU.ActiveCfg = Debug|Any CPU
		{759531FF-183A-45A6-8E4F-9DCF286BABC7}.Debug|Any CPU.Build.0 = Debug|Any CPU
		{759531FF-183A-45A6-8E4F-9DCF286BABC7}.Debug|x64.ActiveCfg = Debug|x64
		{759531FF-183A-45A6-8E4F-9DCF286BABC7}.Debug|x64.Build.0 = Debug|x64
		{759531FF-183A-45A6-8E4F-9DCF286BABC7}.Release_x64_Standalone|Any CPU.ActiveCfg = Release_x64_Standalone|Any CPU
		{759531FF-183A-45A6-8E4F-9DCF286BABC7}.Release_x64_Standalone|Any CPU.Build.0 = Release_x64_Standalone|Any CPU
		{759531FF-183A-45A6-8E4F-9DCF286BABC7}.Release_x64_Standalone|x64.ActiveCfg = Release_x64_Standalone|x64
		{759531FF-183A-45A6-8E4F-9DCF286BABC7}.Release_x64_Standalone|x64.Build.0 = Release_x64_Standalone|x64
		{759531FF-183A-45A6-8E4F-9DCF286BABC7}.Release|Any CPU.ActiveCfg = Release|Any CPU
		{759531FF-183A-45A6-8E4F-9DCF286BABC7}.Release|Any CPU.Build.0 = Release|Any CPU
		{759531FF-183A-45A6-8E4F-9DCF286BABC7}.Release|x64.ActiveCfg = Release|x64
		{759531FF-183A-45A6-8E4F-9DCF286BABC7}.Release|x64.Build.0 = Release|x64
		{CD18DD37-E3EE-44F6-A984-B98E84260AFF}.Debug|Any CPU.ActiveCfg = Debug|Any CPU
		{CD18DD37-E3EE-44F6-A984-B98E84260AFF}.Debug|Any CPU.Build.0 = Debug|Any CPU
		{CD18DD37-E3EE-44F6-A984-B98E84260AFF}.Debug|x64.ActiveCfg = Debug|x64
		{CD18DD37-E3EE-44F6-A984-B98E84260AFF}.Debug|x64.Build.0 = Debug|x64
		{CD18DD37-E3EE-44F6-A984-B98E84260AFF}.Release_x64_Standalone|Any CPU.ActiveCfg = Release_x64_Standalone|Any CPU
		{CD18DD37-E3EE-44F6-A984-B98E84260AFF}.Release_x64_Standalone|Any CPU.Build.0 = Release_x64_Standalone|Any CPU
		{CD18DD37-E3EE-44F6-A984-B98E84260AFF}.Release_x64_Standalone|x64.ActiveCfg = Release_x64_Standalone|x64
		{CD18DD37-E3EE-44F6-A984-B98E84260AFF}.Release_x64_Standalone|x64.Build.0 = Release_x64_Standalone|x64
		{CD18DD37-E3EE-44F6-A984-B98E84260AFF}.Release|Any CPU.ActiveCfg = Release|Any CPU
		{CD18DD37-E3EE-44F6-A984-B98E84260AFF}.Release|Any CPU.Build.0 = Release|Any CPU
		{CD18DD37-E3EE-44F6-A984-B98E84260AFF}.Release|x64.ActiveCfg = Release|x64
		{CD18DD37-E3EE-44F6-A984-B98E84260AFF}.Release|x64.Build.0 = Release|x64
	EndGlobalSection
	GlobalSection(SolutionProperties) = preSolution
		HideSolutionNode = FALSE
	EndGlobalSection
	GlobalSection(ExtensibilityGlobals) = postSolution
		SolutionGuid = {74467C9E-650B-4C53-A761-688A01D79BAD}
	EndGlobalSection
EndGlobal
